
Microsoft Visual Studio Solution File, Format Version 12.00
# Visual Studio Version 17
VisualStudioVersion = 17.3.32825.248
MinimumVisualStudioVersion = 10.0.40219.1
Project("{9A19103F-16F7-4668-BE54-9A1E7A4F7556}") = "miniprojekt-sql", "miniprojekt-sql.csproj", "{F06C3318-98E7-44DA-A1CA-3B9D4D9B8BD9}"
EndProject
Global
	GlobalSection(SolutionConfigurationPlatforms) = preSolution
		Debug|Any CPU = Debug|Any CPU
		Release|Any CPU = Release|Any CPU
	EndGlobalSection
	GlobalSection(ProjectConfigurationPlatforms) = postSolution
		{F06C3318-98E7-44DA-A1CA-3B9D4D9B8BD9}.Debug|Any CPU.ActiveCfg = Debug|Any CPU
		{F06C3318-98E7-44DA-A1CA-3B9D4D9B8BD9}.Debug|Any CPU.Build.0 = Debug|Any CPU
		{F06C3318-98E7-44DA-A1CA-3B9D4D9B8BD9}.Release|Any CPU.ActiveCfg = Release|Any CPU
		{F06C3318-98E7-44DA-A1CA-3B9D4D9B8BD9}.Release|Any CPU.Build.0 = Release|Any CPU
	EndGlobalSection
	GlobalSection(SolutionProperties) = preSolution
		HideSolutionNode = FALSE
	EndGlobalSection
	GlobalSection(ExtensibilityGlobals) = postSolution
		SolutionGuid = {8BB03402-D335-4531-B0D1-2D34CA95C637}
	EndGlobalSection
EndGlobal
